
Microsoft Visual Studio Solution File, Format Version 12.00
# Visual Studio Version 16
VisualStudioVersion = 16.0.30621.155
MinimumVisualStudioVersion = 10.0.40219.1
Project("{FAE04EC0-301F-11D3-BF4B-00C04F79EFBC}") = "Day1", "Day1\Day1.csproj", "{0058209E-AB00-48AF-B1F7-D4AE9080FE02}"
EndProject
Project("{FAE04EC0-301F-11D3-BF4B-00C04F79EFBC}") = "Day2", "Day2\Day2.csproj", "{143CADF9-2FD0-43BD-A3AE-F500430BC4B3}"
EndProject
Project("{FAE04EC0-301F-11D3-BF4B-00C04F79EFBC}") = "Day3", "Day3\Day3.csproj", "{C0E44E0C-E25D-412B-99D1-596E6DFFB588}"
EndProject
Project("{FAE04EC0-301F-11D3-BF4B-00C04F79EFBC}") = "Day4", "Day4\Day4.csproj", "{5D8846D7-89B2-4247-BD46-454D6D8EDDFE}"
EndProject
Project("{FAE04EC0-301F-11D3-BF4B-00C04F79EFBC}") = "Day6", "Day6\Day6.csproj", "{5E64A414-1476-49B3-B33D-0B8C1671E05F}"
EndProject
Project("{FAE04EC0-301F-11D3-BF4B-00C04F79EFBC}") = "Day7", "Day7\Day7.csproj", "{3A4503FD-C4DE-4502-84AF-903431845EB1}"
EndProject
Project("{FAE04EC0-301F-11D3-BF4B-00C04F79EFBC}") = "Day8", "Day8\Day8.csproj", "{95D52812-F426-4B01-B0BA-B2B4F3519CB3}"
EndProject
Global
	GlobalSection(SolutionConfigurationPlatforms) = preSolution
		Debug|Any CPU = Debug|Any CPU
		Release|Any CPU = Release|Any CPU
	EndGlobalSection
	GlobalSection(ProjectConfigurationPlatforms) = postSolution
		{0058209E-AB00-48AF-B1F7-D4AE9080FE02}.Debug|Any CPU.ActiveCfg = Debug|Any CPU
		{0058209E-AB00-48AF-B1F7-D4AE9080FE02}.Debug|Any CPU.Build.0 = Debug|Any CPU
		{0058209E-AB00-48AF-B1F7-D4AE9080FE02}.Release|Any CPU.ActiveCfg = Release|Any CPU
		{0058209E-AB00-48AF-B1F7-D4AE9080FE02}.Release|Any CPU.Build.0 = Release|Any CPU
		{143CADF9-2FD0-43BD-A3AE-F500430BC4B3}.Debug|Any CPU.ActiveCfg = Debug|Any CPU
		{143CADF9-2FD0-43BD-A3AE-F500430BC4B3}.Debug|Any CPU.Build.0 = Debug|Any CPU
		{143CADF9-2FD0-43BD-A3AE-F500430BC4B3}.Release|Any CPU.ActiveCfg = Release|Any CPU
		{143CADF9-2FD0-43BD-A3AE-F500430BC4B3}.Release|Any CPU.Build.0 = Release|Any CPU
		{C0E44E0C-E25D-412B-99D1-596E6DFFB588}.Debug|Any CPU.ActiveCfg = Debug|Any CPU
		{C0E44E0C-E25D-412B-99D1-596E6DFFB588}.Debug|Any CPU.Build.0 = Debug|Any CPU
		{C0E44E0C-E25D-412B-99D1-596E6DFFB588}.Release|Any CPU.ActiveCfg = Release|Any CPU
		{C0E44E0C-E25D-412B-99D1-596E6DFFB588}.Release|Any CPU.Build.0 = Release|Any CPU
		{5D8846D7-89B2-4247-BD46-454D6D8EDDFE}.Debug|Any CPU.ActiveCfg = Debug|Any CPU
		{5D8846D7-89B2-4247-BD46-454D6D8EDDFE}.Debug|Any CPU.Build.0 = Debug|Any CPU
		{5D8846D7-89B2-4247-BD46-454D6D8EDDFE}.Release|Any CPU.ActiveCfg = Release|Any CPU
		{5D8846D7-89B2-4247-BD46-454D6D8EDDFE}.Release|Any CPU.Build.0 = Release|Any CPU
		{5E64A414-1476-49B3-B33D-0B8C1671E05F}.Debug|Any CPU.ActiveCfg = Debug|Any CPU
		{5E64A414-1476-49B3-B33D-0B8C1671E05F}.Debug|Any CPU.Build.0 = Debug|Any CPU
		{5E64A414-1476-49B3-B33D-0B8C1671E05F}.Release|Any CPU.ActiveCfg = Release|Any CPU
		{5E64A414-1476-49B3-B33D-0B8C1671E05F}.Release|Any CPU.Build.0 = Release|Any CPU
		{3A4503FD-C4DE-4502-84AF-903431845EB1}.Debug|Any CPU.ActiveCfg = Debug|Any CPU
		{3A4503FD-C4DE-4502-84AF-903431845EB1}.Debug|Any CPU.Build.0 = Debug|Any CPU
		{3A4503FD-C4DE-4502-84AF-903431845EB1}.Release|Any CPU.ActiveCfg = Release|Any CPU
		{3A4503FD-C4DE-4502-84AF-903431845EB1}.Release|Any CPU.Build.0 = Release|Any CPU
		{95D52812-F426-4B01-B0BA-B2B4F3519CB3}.Debug|Any CPU.ActiveCfg = Debug|Any CPU
		{95D52812-F426-4B01-B0BA-B2B4F3519CB3}.Debug|Any CPU.Build.0 = Debug|Any CPU
		{95D52812-F426-4B01-B0BA-B2B4F3519CB3}.Release|Any CPU.ActiveCfg = Release|Any CPU
		{95D52812-F426-4B01-B0BA-B2B4F3519CB3}.Release|Any CPU.Build.0 = Release|Any CPU
	EndGlobalSection
	GlobalSection(SolutionProperties) = preSolution
		HideSolutionNode = FALSE
	EndGlobalSection
	GlobalSection(ExtensibilityGlobals) = postSolution
		SolutionGuid = {580877B6-09A7-4B89-B8DA-23D7D8CA8342}
	EndGlobalSection
EndGlobal
